
Microsoft Visual Studio Solution File, Format Version 12.00
# Visual Studio Version 17
VisualStudioVersion = 17.1.32328.378
MinimumVisualStudioVersion = 10.0.40219.1
Project("{FAE04EC0-301F-11D3-BF4B-00C04F79EFBC}") = "Homework13", "Homework13\Homework13.csproj", "{17038D0A-D5BA-4D72-8F9E-9DC34AAB24B4}"
EndProject
Global
	GlobalSection(SolutionConfigurationPlatforms) = preSolution
		Debug|Any CPU = Debug|Any CPU
		Release|Any CPU = Release|Any CPU
	EndGlobalSection
	GlobalSection(ProjectConfigurationPlatforms) = postSolution
		{17038D0A-D5BA-4D72-8F9E-9DC34AAB24B4}.Debug|Any CPU.ActiveCfg = Debug|Any CPU
		{17038D0A-D5BA-4D72-8F9E-9DC34AAB24B4}.Debug|Any CPU.Build.0 = Debug|Any CPU
		{17038D0A-D5BA-4D72-8F9E-9DC34AAB24B4}.Release|Any CPU.ActiveCfg = Release|Any CPU
		{17038D0A-D5BA-4D72-8F9E-9DC34AAB24B4}.Release|Any CPU.Build.0 = Release|Any CPU
	EndGlobalSection
	GlobalSection(SolutionProperties) = preSolution
		HideSolutionNode = FALSE
	EndGlobalSection
	GlobalSection(ExtensibilityGlobals) = postSolution
		SolutionGuid = {A25CC59F-4919-497E-9533-93041E420E9D}
	EndGlobalSection
EndGlobal
